
Microsoft Visual Studio Solution File, Format Version 12.00
# Visual Studio Version 17
VisualStudioVersion = 17.10.35013.160
MinimumVisualStudioVersion = 10.0.40219.1
Project("{FAE04EC0-301F-11D3-BF4B-00C04F79EFBC}") = "MIKE.USMS.API", "src\MIKE.USMS.API\MIKE.USMS.API.csproj", "{191604A2-EBA5-4803-9676-1B367984C4C9}"
EndProject
Project("{FAE04EC0-301F-11D3-BF4B-00C04F79EFBC}") = "MIKE.USMS.Domain", "src\MIKE.USMS.Domain\MIKE.USMS.Domain.csproj", "{FE4B93F8-740F-46C2-9DD5-4084C0BB47F1}"
EndProject
Project("{FAE04EC0-301F-11D3-BF4B-00C04F79EFBC}") = "MIKE.USMS.Application", "src\MIKE.USMS.Application\MIKE.USMS.Application.csproj", "{A927BDF6-496F-4E81-9D9E-5AFCD4C13009}"
EndProject
Project("{FAE04EC0-301F-11D3-BF4B-00C04F79EFBC}") = "MIKE.USMS.Infrastructure", "src\MIKE.USMS.Infrastructure\MIKE.USMS.Infrastructure.csproj", "{30E4E458-D308-4926-84D6-A0B84DF6D963}"
EndProject
Project("{FAE04EC0-301F-11D3-BF4B-00C04F79EFBC}") = "MIKE.USMS.Contracts", "MIKE.USMS.Contracts\MIKE.USMS.Contracts.csproj", "{3BB44FA3-11FC-4F30-999F-FBFAD6717727}"
EndProject
Global
	GlobalSection(SolutionConfigurationPlatforms) = preSolution
		Debug|Any CPU = Debug|Any CPU
		Release|Any CPU = Release|Any CPU
	EndGlobalSection
	GlobalSection(ProjectConfigurationPlatforms) = postSolution
		{191604A2-EBA5-4803-9676-1B367984C4C9}.Debug|Any CPU.ActiveCfg = Debug|Any CPU
		{191604A2-EBA5-4803-9676-1B367984C4C9}.Debug|Any CPU.Build.0 = Debug|Any CPU
		{191604A2-EBA5-4803-9676-1B367984C4C9}.Release|Any CPU.ActiveCfg = Release|Any CPU
		{191604A2-EBA5-4803-9676-1B367984C4C9}.Release|Any CPU.Build.0 = Release|Any CPU
		{FE4B93F8-740F-46C2-9DD5-4084C0BB47F1}.Debug|Any CPU.ActiveCfg = Debug|Any CPU
		{FE4B93F8-740F-46C2-9DD5-4084C0BB47F1}.Debug|Any CPU.Build.0 = Debug|Any CPU
		{FE4B93F8-740F-46C2-9DD5-4084C0BB47F1}.Release|Any CPU.ActiveCfg = Release|Any CPU
		{FE4B93F8-740F-46C2-9DD5-4084C0BB47F1}.Release|Any CPU.Build.0 = Release|Any CPU
		{A927BDF6-496F-4E81-9D9E-5AFCD4C13009}.Debug|Any CPU.ActiveCfg = Debug|Any CPU
		{A927BDF6-496F-4E81-9D9E-5AFCD4C13009}.Debug|Any CPU.Build.0 = Debug|Any CPU
		{A927BDF6-496F-4E81-9D9E-5AFCD4C13009}.Release|Any CPU.ActiveCfg = Release|Any CPU
		{A927BDF6-496F-4E81-9D9E-5AFCD4C13009}.Release|Any CPU.Build.0 = Release|Any CPU
		{30E4E458-D308-4926-84D6-A0B84DF6D963}.Debug|Any CPU.ActiveCfg = Debug|Any CPU
		{30E4E458-D308-4926-84D6-A0B84DF6D963}.Debug|Any CPU.Build.0 = Debug|Any CPU
		{30E4E458-D308-4926-84D6-A0B84DF6D963}.Release|Any CPU.ActiveCfg = Release|Any CPU
		{30E4E458-D308-4926-84D6-A0B84DF6D963}.Release|Any CPU.Build.0 = Release|Any CPU
		{3BB44FA3-11FC-4F30-999F-FBFAD6717727}.Debug|Any CPU.ActiveCfg = Debug|Any CPU
		{3BB44FA3-11FC-4F30-999F-FBFAD6717727}.Debug|Any CPU.Build.0 = Debug|Any CPU
		{3BB44FA3-11FC-4F30-999F-FBFAD6717727}.Release|Any CPU.ActiveCfg = Release|Any CPU
		{3BB44FA3-11FC-4F30-999F-FBFAD6717727}.Release|Any CPU.Build.0 = Release|Any CPU
	EndGlobalSection
	GlobalSection(SolutionProperties) = preSolution
		HideSolutionNode = FALSE
	EndGlobalSection
	GlobalSection(ExtensibilityGlobals) = postSolution
		SolutionGuid = {CC1D4DDB-4CD6-4DCA-9979-E424E3148438}
	EndGlobalSection
EndGlobal
